// !$*UTF8*$!
{
	archiveVersion = 1;
	classes = {
	};
	objectVersion = 56;
	objects = {

/* Begin PBXBuildFile section */
		3F3F5123292A4AEA00F94F7E /* AppDelegate.swift in Sources */ = {isa = PBXBuildFile; fileRef = 3F3F5122292A4AEA00F94F7E /* AppDelegate.swift */; };
		3F3F5125292A4AEA00F94F7E /* SceneDelegate.swift in Sources */ = {isa = PBXBuildFile; fileRef = 3F3F5124292A4AEA00F94F7E /* SceneDelegate.swift */; };
		3F3F5127292A4AEA00F94F7E /* ViewController.swift in Sources */ = {isa = PBXBuildFile; fileRef = 3F3F5126292A4AEA00F94F7E /* ViewController.swift */; };
		3F3F512A292A4AEA00F94F7E /* Main.storyboard in Resources */ = {isa = PBXBuildFile; fileRef = 3F3F5128292A4AEA00F94F7E /* Main.storyboard */; };
		3F3F512C292A4AEB00F94F7E /* Assets.xcassets in Resources */ = {isa = PBXBuildFile; fileRef = 3F3F512B292A4AEB00F94F7E /* Assets.xcassets */; };
		3F3F512F292A4AEB00F94F7E /* LaunchScreen.storyboard in Resources */ = {isa = PBXBuildFile; fileRef = 3F3F512D292A4AEB00F94F7E /* LaunchScreen.storyboard */; };
		3F3F513A292A4AEB00F94F7E /* MadLibsTests.swift in Sources */ = {isa = PBXBuildFile; fileRef = 3F3F5139292A4AEB00F94F7E /* MadLibsTests.swift */; };
		3F3F5144292A4AEB00F94F7E /* MadLibsUITests.swift in Sources */ = {isa = PBXBuildFile; fileRef = 3F3F5143292A4AEB00F94F7E /* MadLibsUITests.swift */; };
		3F3F5146292A4AEB00F94F7E /* MadLibsUITestsLaunchTests.swift in Sources */ = {isa = PBXBuildFile; fileRef = 3F3F5145292A4AEB00F94F7E /* MadLibsUITestsLaunchTests.swift */; };
		3F3F5155292A523500F94F7E /* SecondeViewController.swift in Sources */ = {isa = PBXBuildFile; fileRef = 3F3F5154292A523500F94F7E /* SecondeViewController.swift */; };
/* End PBXBuildFile section */

/* Begin PBXContainerItemProxy section */
		3F3F5136292A4AEB00F94F7E /* PBXContainerItemProxy */ = {
			isa = PBXContainerItemProxy;
			containerPortal = 3F3F5117292A4AEA00F94F7E /* Project object */;
			proxyType = 1;
			remoteGlobalIDString = 3F3F511E292A4AEA00F94F7E;
			remoteInfo = MadLibs;
		};
		3F3F5140292A4AEB00F94F7E /* PBXContainerItemProxy */ = {
			isa = PBXContainerItemProxy;
			containerPortal = 3F3F5117292A4AEA00F94F7E /* Project object */;
			proxyType = 1;
			remoteGlobalIDString = 3F3F511E292A4AEA00F94F7E;
			remoteInfo = MadLibs;
		};
/* End PBXContainerItemProxy section */

/* Begin PBXFileReference section */
		3F3F511F292A4AEA00F94F7E /* MadLibs.app */ = {isa = PBXFileReference; explicitFileType = wrapper.application; includeInIndex = 0; path = MadLibs.app; sourceTree = BUILT_PRODUCTS_DIR; };
		3F3F5122292A4AEA00F94F7E /* AppDelegate.swift */ = {isa = PBXFileReference; lastKnownFileType = sourcecode.swift; path = AppDelegate.swift; sourceTree = "<group>"; };
		3F3F5124292A4AEA00F94F7E /* SceneDelegate.swift */ = {isa = PBXFileReference; lastKnownFileType = sourcecode.swift; path = SceneDelegate.swift; sourceTree = "<group>"; };
		3F3F5126292A4AEA00F94F7E /* ViewController.swift */ = {isa = PBXFileReference; lastKnownFileType = sourcecode.swift; path = ViewController.swift; sourceTree = "<group>"; };
		3F3F5129292A4AEA00F94F7E /* Base */ = {isa = PBXFileReference; lastKnownFileType = file.storyboard; name = Base; path = Base.lproj/Main.storyboard; sourceTree = "<group>"; };
		3F3F512B292A4AEB00F94F7E /* Assets.xcassets */ = {isa = PBXFileReference; lastKnownFileType = folder.assetcatalog; path = Assets.xcassets; sourceTree = "<group>"; };
		3F3F512E292A4AEB00F94F7E /* Base */ = {isa = PBXFileReference; lastKnownFileType = file.storyboard; name = Base; path = Base.lproj/LaunchScreen.storyboard; sourceTree = "<group>"; };
		3F3F5130292A4AEB00F94F7E /* Info.plist */ = {isa = PBXFileReference; lastKnownFileType = text.plist.xml; path = Info.plist; sourceTree = "<group>"; };
		3F3F5135292A4AEB00F94F7E /* MadLibsTests.xctest */ = {isa = PBXFileReference; explicitFileType = wrapper.cfbundle; includeInIndex = 0; path = MadLibsTests.xctest; sourceTree = BUILT_PRODUCTS_DIR; };
		3F3F5139292A4AEB00F94F7E /* MadLibsTests.swift */ = {isa = PBXFileReference; lastKnownFileType = sourcecode.swift; path = MadLibsTests.swift; sourceTree = "<group>"; };
		3F3F513F292A4AEB00F94F7E /* MadLibsUITests.xctest */ = {isa = PBXFileReference; explicitFileType = wrapper.cfbundle; includeInIndex = 0; path = MadLibsUITests.xctest; sourceTree = BUILT_PRODUCTS_DIR; };
		3F3F5143292A4AEB00F94F7E /* MadLibsUITests.swift */ = {isa = PBXFileReference; lastKnownFileType = sourcecode.swift; path = MadLibsUITests.swift; sourceTree = "<group>"; };
		3F3F5145292A4AEB00F94F7E /* MadLibsUITestsLaunchTests.swift */ = {isa = PBXFileReference; lastKnownFileType = sourcecode.swift; path = MadLibsUITestsLaunchTests.swift; sourceTree = "<group>"; };
		3F3F5154292A523500F94F7E /* SecondeViewController.swift */ = {isa = PBXFileReference; lastKnownFileType = sourcecode.swift; path = SecondeViewController.swift; sourceTree = "<group>"; };
/* End PBXFileReference section */

/* Begin PBXFrameworksBuildPhase section */
		3F3F511C292A4AEA00F94F7E /* Frameworks */ = {
			isa = PBXFrameworksBuildPhase;
			buildActionMask = 2147483647;
			files = (
			);
			runOnlyForDeploymentPostprocessing = 0;
		};
		3F3F5132292A4AEB00F94F7E /* Frameworks */ = {
			isa = PBXFrameworksBuildPhase;
			buildActionMask = 2147483647;
			files = (
			);
			runOnlyForDeploymentPostprocessing = 0;
		};
		3F3F513C292A4AEB00F94F7E /* Frameworks */ = {
			isa = PBXFrameworksBuildPhase;
			buildActionMask = 2147483647;
			files = (
			);
			runOnlyForDeploymentPostprocessing = 0;
		};
/* End PBXFrameworksBuildPhase section */

/* Begin PBXGroup section */
		3F3F5116292A4AEA00F94F7E = {
			isa = PBXGroup;
			children = (
				3F3F5121292A4AEA00F94F7E /* MadLibs */,
				3F3F5138292A4AEB00F94F7E /* MadLibsTests */,
				3F3F5142292A4AEB00F94F7E /* MadLibsUITests */,
				3F3F5120292A4AEA00F94F7E /* Products */,
			);
			sourceTree = "<group>";
		};
		3F3F5120292A4AEA00F94F7E /* Products */ = {
			isa = PBXGroup;
			children = (
				3F3F511F292A4AEA00F94F7E /* MadLibs.app */,
				3F3F5135292A4AEB00F94F7E /* MadLibsTests.xctest */,
				3F3F513F292A4AEB00F94F7E /* MadLibsUITests.xctest */,
			);
			name = Products;
			sourceTree = "<group>";
		};
		3F3F5121292A4AEA00F94F7E /* MadLibs */ = {
			isa = PBXGroup;
			children = (
				3F3F5122292A4AEA00F94F7E /* AppDelegate.swift */,
				3F3F5124292A4AEA00F94F7E /* SceneDelegate.swift */,
				3F3F5126292A4AEA00F94F7E /* ViewController.swift */,
				3F3F5128292A4AEA00F94F7E /* Main.storyboard */,
				3F3F5154292A523500F94F7E /* SecondeViewController.swift */,
				3F3F512B292A4AEB00F94F7E /* Assets.xcassets */,
				3F3F512D292A4AEB00F94F7E /* LaunchScreen.storyboard */,
				3F3F5130292A4AEB00F94F7E /* Info.plist */,
			);
			path = MadLibs;
			sourceTree = "<group>";
		};
		3F3F5138292A4AEB00F94F7E /* MadLibsTests */ = {
			isa = PBXGroup;
			children = (
				3F3F5139292A4AEB00F94F7E /* MadLibsTests.swift */,
			);
			path = MadLibsTests;
			sourceTree = "<group>";
		};
		3F3F5142292A4AEB00F94F7E /* MadLibsUITests */ = {
			isa = PBXGroup;
			children = (
				3F3F5143292A4AEB00F94F7E /* MadLibsUITests.swift */,
				3F3F5145292A4AEB00F94F7E /* MadLibsUITestsLaunchTests.swift */,
			);
			path = MadLibsUITests;
			sourceTree = "<group>";
		};
/* End PBXGroup section */

/* Begin PBXNativeTarget section */
		3F3F511E292A4AEA00F94F7E /* MadLibs */ = {
			isa = PBXNativeTarget;
			buildConfigurationList = 3F3F5149292A4AEB00F94F7E /* Build configuration list for PBXNativeTarget "MadLibs" */;
			buildPhases = (
				3F3F511B292A4AEA00F94F7E /* Sources */,
				3F3F511C292A4AEA00F94F7E /* Frameworks */,
				3F3F511D292A4AEA00F94F7E /* Resources */,
			);
			buildRules = (
			);
			dependencies = (
			);
			name = MadLibs;
			productName = MadLibs;
			productReference = 3F3F511F292A4AEA00F94F7E /* MadLibs.app */;
			productType = "com.apple.product-type.application";
		};
		3F3F5134292A4AEB00F94F7E /* MadLibsTests */ = {
			isa = PBXNativeTarget;
			buildConfigurationList = 3F3F514C292A4AEB00F94F7E /* Build configuration list for PBXNativeTarget "MadLibsTests" */;
			buildPhases = (
				3F3F5131292A4AEB00F94F7E /* Sources */,
				3F3F5132292A4AEB00F94F7E /* Frameworks */,
				3F3F5133292A4AEB00F94F7E /* Resources */,
			);
			buildRules = (
			);
			dependencies = (
				3F3F5137292A4AEB00F94F7E /* PBXTargetDependency */,
			);
			name = MadLibsTests;
			productName = MadLibsTests;
			productReference = 3F3F5135292A4AEB00F94F7E /* MadLibsTests.xctest */;
			productType = "com.apple.product-type.bundle.unit-test";
		};
		3F3F513E292A4AEB00F94F7E /* MadLibsUITests */ = {
			isa = PBXNativeTarget;
			buildConfigurationList = 3F3F514F292A4AEB00F94F7E /* Build configuration list for PBXNativeTarget "MadLibsUITests" */;
			buildPhases = (
				3F3F513B292A4AEB00F94F7E /* Sources */,
				3F3F513C292A4AEB00F94F7E /* Frameworks */,
				3F3F513D292A4AEB00F94F7E /* Resources */,
			);
			buildRules = (
			);
			dependencies = (
				3F3F5141292A4AEB00F94F7E /* PBXTargetDependency */,
			);
			name = MadLibsUITests;
			productName = MadLibsUITests;
			productReference = 3F3F513F292A4AEB00F94F7E /* MadLibsUITests.xctest */;
			productType = "com.apple.product-type.bundle.ui-testing";
		};
/* End PBXNativeTarget section */

/* Begin PBXProject section */
		3F3F5117292A4AEA00F94F7E /* Project object */ = {
			isa = PBXProject;
			attributes = {
				BuildIndependentTargetsInParallel = 1;
				LastSwiftUpdateCheck = 1410;
				LastUpgradeCheck = 1410;
				TargetAttributes = {
					3F3F511E292A4AEA00F94F7E = {
						CreatedOnToolsVersion = 14.1;
					};
					3F3F5134292A4AEB00F94F7E = {
						CreatedOnToolsVersion = 14.1;
						TestTargetID = 3F3F511E292A4AEA00F94F7E;
					};
					3F3F513E292A4AEB00F94F7E = {
						CreatedOnToolsVersion = 14.1;
						TestTargetID = 3F3F511E292A4AEA00F94F7E;
					};
				};
			};
			buildConfigurationList = 3F3F511A292A4AEA00F94F7E /* Build configuration list for PBXProject "MadLibs" */;
			compatibilityVersion = "Xcode 14.0";
			developmentRegion = en;
			hasScannedForEncodings = 0;
			knownRegions = (
				en,
				Base,
			);
			mainGroup = 3F3F5116292A4AEA00F94F7E;
			productRefGroup = 3F3F5120292A4AEA00F94F7E /* Products */;
			projectDirPath = "";
			projectRoot = "";
			targets = (
				3F3F511E292A4AEA00F94F7E /* MadLibs */,
				3F3F5134292A4AEB00F94F7E /* MadLibsTests */,
				3F3F513E292A4AEB00F94F7E /* MadLibsUITests */,
			);
		};
/* End PBXProject section */

/* Begin PBXResourcesBuildPhase section */
		3F3F511D292A4AEA00F94F7E /* Resources */ = {
			isa = PBXResourcesBuildPhase;
			buildActionMask = 2147483647;
			files = (
				3F3F512F292A4AEB00F94F7E /* LaunchScreen.storyboard in Resources */,
				3F3F512C292A4AEB00F94F7E /* Assets.xcassets in Resources */,
				3F3F512A292A4AEA00F94F7E /* Main.storyboard in Resources */,
			);
			runOnlyForDeploymentPostprocessing = 0;
		};
		3F3F5133292A4AEB00F94F7E /* Resources */ = {
			isa = PBXResourcesBuildPhase;
			buildActionMask = 2147483647;
			files = (
			);
			runOnlyForDeploymentPostprocessing = 0;
		};
		3F3F513D292A4AEB00F94F7E /* Resources */ = {
			isa = PBXResourcesBuildPhase;
			buildActionMask = 2147483647;
			files = (
			);
			runOnlyForDeploymentPostprocessing = 0;
		};
/* End PBXResourcesBuildPhase section */

/* Begin PBXSourcesBuildPhase section */
		3F3F511B292A4AEA00F94F7E /* Sources */ = {
			isa = PBXSourcesBuildPhase;
			buildActionMask = 2147483647;
			files = (
				3F3F5127292A4AEA00F94F7E /* ViewController.swift in Sources */,
				3F3F5123292A4AEA00F94F7E /* AppDelegate.swift in Sources */,
				3F3F5155292A523500F94F7E /* SecondeViewController.swift in Sources */,
				3F3F5125292A4AEA00F94F7E /* SceneDelegate.swift in Sources */,
			);
			runOnlyForDeploymentPostprocessing = 0;
		};
		3F3F5131292A4AEB00F94F7E /* Sources */ = {
			isa = PBXSourcesBuildPhase;
			buildActionMask = 2147483647;
			files = (
				3F3F513A292A4AEB00F94F7E /* MadLibsTests.swift in Sources */,
			);
			runOnlyForDeploymentPostprocessing = 0;
		};
		3F3F513B292A4AEB00F94F7E /* Sources */ = {
			isa = PBXSourcesBuildPhase;
			buildActionMask = 2147483647;
			files = (
				3F3F5144292A4AEB00F94F7E /* MadLibsUITests.swift in Sources */,
				3F3F5146292A4AEB00F94F7E /* MadLibsUITestsLaunchTests.swift in Sources */,
			);
			runOnlyForDeploymentPostprocessing = 0;
		};
/* End PBXSourcesBuildPhase section */

/* Begin PBXTargetDependency section */
		3F3F5137292A4AEB00F94F7E /* PBXTargetDependency */ = {
			isa = PBXTargetDependency;
			target = 3F3F511E292A4AEA00F94F7E /* MadLibs */;
			targetProxy = 3F3F5136292A4AEB00F94F7E /* PBXContainerItemProxy */;
		};
		3F3F5141292A4AEB00F94F7E /* PBXTargetDependency */ = {
			isa = PBXTargetDependency;
			target = 3F3F511E292A4AEA00F94F7E /* MadLibs */;
			targetProxy = 3F3F5140292A4AEB00F94F7E /* PBXContainerItemProxy */;
		};
/* End PBXTargetDependency section */

/* Begin PBXVariantGroup section */
		3F3F5128292A4AEA00F94F7E /* Main.storyboard */ = {
			isa = PBXVariantGroup;
			children = (
				3F3F5129292A4AEA00F94F7E /* Base */,
			);
			name = Main.storyboard;
			sourceTree = "<group>";
		};
		3F3F512D292A4AEB00F94F7E /* LaunchScreen.storyboard */ = {
			isa = PBXVariantGroup;
			children = (
				3F3F512E292A4AEB00F94F7E /* Base */,
			);
			name = LaunchScreen.storyboard;
			sourceTree = "<group>";
		};
/* End PBXVariantGroup section */

/* Begin XCBuildConfiguration section */
		3F3F5147292A4AEB00F94F7E /* Debug */ = {
			isa = XCBuildConfiguration;
			buildSettings = {
				ALWAYS_SEARCH_USER_PATHS = NO;
				CLANG_ANALYZER_NONNULL = YES;
				CLANG_ANALYZER_NUMBER_OBJECT_CONVERSION = YES_AGGRESSIVE;
				CLANG_CXX_LANGUAGE_STANDARD = "gnu++20";
				CLANG_ENABLE_MODULES = YES;
				CLANG_ENABLE_OBJC_ARC = YES;
				CLANG_ENABLE_OBJC_WEAK = YES;
				CLANG_WARN_BLOCK_CAPTURE_AUTORELEASING = YES;
				CLANG_WARN_BOOL_CONVERSION = YES;
				CLANG_WARN_COMMA = YES;
				CLANG_WARN_CONSTANT_CONVERSION = YES;
				CLANG_WARN_DEPRECATED_OBJC_IMPLEMENTATIONS = YES;
				CLANG_WARN_DIRECT_OBJC_ISA_USAGE = YES_ERROR;
				CLANG_WARN_DOCUMENTATION_COMMENTS = YES;
				CLANG_WARN_EMPTY_BODY = YES;
				CLANG_WARN_ENUM_CONVERSION = YES;
				CLANG_WARN_INFINITE_RECURSION = YES;
				CLANG_WARN_INT_CONVERSION = YES;
				CLANG_WARN_NON_LITERAL_NULL_CONVERSION = YES;
				CLANG_WARN_OBJC_IMPLICIT_RETAIN_SELF = YES;
				CLANG_WARN_OBJC_LITERAL_CONVERSION = YES;
				CLANG_WARN_OBJC_ROOT_CLASS = YES_ERROR;
				CLANG_WARN_QUOTED_INCLUDE_IN_FRAMEWORK_HEADER = YES;
				CLANG_WARN_RANGE_LOOP_ANALYSIS = YES;
				CLANG_WARN_STRICT_PROTOTYPES = YES;
				CLANG_WARN_SUSPICIOUS_MOVE = YES;
				CLANG_WARN_UNGUARDED_AVAILABILITY = YES_AGGRESSIVE;
				CLANG_WARN_UNREACHABLE_CODE = YES;
				CLANG_WARN__DUPLICATE_METHOD_MATCH = YES;
				COPY_PHASE_STRIP = NO;
				DEBUG_INFORMATION_FORMAT = dwarf;
				ENABLE_STRICT_OBJC_MSGSEND = YES;
				ENABLE_TESTABILITY = YES;
				GCC_C_LANGUAGE_STANDARD = gnu11;
				GCC_DYNAMIC_NO_PIC = NO;
				GCC_NO_COMMON_BLOCKS = YES;
				GCC_OPTIMIZATION_LEVEL = 0;
				GCC_PREPROCESSOR_DEFINITIONS = (
					"DEBUG=1",
					"$(inherited)",
				);
				GCC_WARN_64_TO_32_BIT_CONVERSION = YES;
				GCC_WARN_ABOUT_RETURN_TYPE = YES_ERROR;
				GCC_WARN_UNDECLARED_SELECTOR = YES;
				GCC_WARN_UNINITIALIZED_AUTOS = YES_AGGRESSIVE;
				GCC_WARN_UNUSED_FUNCTION = YES;
				GCC_WARN_UNUSED_VARIABLE = YES;
				IPHONEOS_DEPLOYMENT_TARGET = 16.1;
				MTL_ENABLE_DEBUG_INFO = INCLUDE_SOURCE;
				MTL_FAST_MATH = YES;
				ONLY_ACTIVE_ARCH = YES;
				SDKROOT = iphoneos;
				SWIFT_ACTIVE_COMPILATION_CONDITIONS = DEBUG;
				SWIFT_OPTIMIZATION_LEVEL = "-Onone";
			};
			name = Debug;
		};
		3F3F5148292A4AEB00F94F7E /* Release */ = {
			isa = XCBuildConfiguration;
			buildSettings = {
				ALWAYS_SEARCH_USER_PATHS = NO;
				CLANG_ANALYZER_NONNULL = YES;
				CLANG_ANALYZER_NUMBER_OBJECT_CONVERSION = YES_AGGRESSIVE;
				CLANG_CXX_LANGUAGE_STANDARD = "gnu++20";
				CLANG_ENABLE_MODULES = YES;
				CLANG_ENABLE_OBJC_ARC = YES;
				CLANG_ENABLE_OBJC_WEAK = YES;
				CLANG_WARN_BLOCK_CAPTURE_AUTORELEASING = YES;
				CLANG_WARN_BOOL_CONVERSION = YES;
				CLANG_WARN_COMMA = YES;
				CLANG_WARN_CONSTANT_CONVERSION = YES;
				CLANG_WARN_DEPRECATED_OBJC_IMPLEMENTATIONS = YES;
				CLANG_WARN_DIRECT_OBJC_ISA_USAGE = YES_ERROR;
				CLANG_WARN_DOCUMENTATION_COMMENTS = YES;
				CLANG_WARN_EMPTY_BODY = YES;
				CLANG_WARN_ENUM_CONVERSION = YES;
				CLANG_WARN_INFINITE_RECURSION = YES;
				CLANG_WARN_INT_CONVERSION = YES;
				CLANG_WARN_NON_LITERAL_NULL_CONVERSION = YES;
				CLANG_WARN_OBJC_IMPLICIT_RETAIN_SELF = YES;
				CLANG_WARN_OBJC_LITERAL_CONVERSION = YES;
				CLANG_WARN_OBJC_ROOT_CLASS = YES_ERROR;
				CLANG_WARN_QUOTED_INCLUDE_IN_FRAMEWORK_HEADER = YES;
				CLANG_WARN_RANGE_LOOP_ANALYSIS = YES;
				CLANG_WARN_STRICT_PROTOTYPES = YES;
				CLANG_WARN_SUSPICIOUS_MOVE = YES;
				CLANG_WARN_UNGUARDED_AVAILABILITY = YES_AGGRESSIVE;
				CLANG_WARN_UNREACHABLE_CODE = YES;
				CLANG_WARN__DUPLICATE_METHOD_MATCH = YES;
				COPY_PHASE_STRIP = NO;
				DEBUG_INFORMATION_FORMAT = "dwarf-with-dsym";
				ENABLE_NS_ASSERTIONS = NO;
				ENABLE_STRICT_OBJC_MSGSEND = YES;
				GCC_C_LANGUAGE_STANDARD = gnu11;
				GCC_NO_COMMON_BLOCKS = YES;
				GCC_WARN_64_TO_32_BIT_CONVERSION = YES;
				GCC_WARN_ABOUT_RETURN_TYPE = YES_ERROR;
				GCC_WARN_UNDECLARED_SELECTOR = YES;
				GCC_WARN_UNINITIALIZED_AUTOS = YES_AGGRESSIVE;
				GCC_WARN_UNUSED_FUNCTION = YES;
				GCC_WARN_UNUSED_VARIABLE = YES;
				IPHONEOS_DEPLOYMENT_TARGET = 16.1;
				MTL_ENABLE_DEBUG_INFO = NO;
				MTL_FAST_MATH = YES;
				SDKROOT = iphoneos;
				SWIFT_COMPILATION_MODE = wholemodule;
				SWIFT_OPTIMIZATION_LEVEL = "-O";
				VALIDATE_PRODUCT = YES;
			};
			name = Release;
		};
		3F3F514A292A4AEB00F94F7E /* Debug */ = {
			isa = XCBuildConfiguration;
			buildSettings = {
				ASSETCATALOG_COMPILER_APPICON_NAME = AppIcon;
				ASSETCATALOG_COMPILER_GLOBAL_ACCENT_COLOR_NAME = AccentColor;
				CODE_SIGN_STYLE = Automatic;
				CURRENT_PROJECT_VERSION = 1;
				GENERATE_INFOPLIST_FILE = YES;
				INFOPLIST_FILE = MadLibs/Info.plist;
				INFOPLIST_KEY_UIApplicationSupportsIndirectInputEvents = YES;
				INFOPLIST_KEY_UILaunchStoryboardName = LaunchScreen;
				INFOPLIST_KEY_UIMainStoryboardFile = Main;
				INFOPLIST_KEY_UISupportedInterfaceOrientations_iPad = "UIInterfaceOrientationPortrait UIInterfaceOrientationPortraitUpsideDown UIInterfaceOrientationLandscapeLeft UIInterfaceOrientationLandscapeRight";
				INFOPLIST_KEY_UISupportedInterfaceOrientations_iPhone = "UIInterfaceOrientationPortrait UIInterfaceOrientationLandscapeLeft UIInterfaceOrientationLandscapeRight";
				LD_RUNPATH_SEARCH_PATHS = (
					"$(inherited)",
					"@executable_path/Frameworks",
				);
				MARKETING_VERSION = 1.0;
				PRODUCT_BUNDLE_IDENTIFIER = "Aamer-Essa.MadLibs";
				PRODUCT_NAME = "$(TARGET_NAME)";
				SWIFT_EMIT_LOC_STRINGS = YES;
				SWIFT_VERSION = 5.0;
				TARGETED_DEVICE_FAMILY = "1,2";
			};
			name = Debug;
		};
		3F3F514B292A4AEB00F94F7E /* Release */ = {
			isa = XCBuildConfiguration;
			buildSettings = {
				ASSETCATALOG_COMPILER_APPICON_NAME = AppIcon;
				ASSETCATALOG_COMPILER_GLOBAL_ACCENT_COLOR_NAME = AccentColor;
				CODE_SIGN_STYLE = Automatic;
				CURRENT_PROJECT_VERSION = 1;
				GENERATE_INFOPLIST_FILE = YES;
				INFOPLIST_FILE = MadLibs/Info.plist;
				INFOPLIST_KEY_UIApplicationSupportsIndirectInputEvents = YES;
				INFOPLIST_KEY_UILaunchStoryboardName = LaunchScreen;
				INFOPLIST_KEY_UIMainStoryboardFile = Main;
				INFOPLIST_KEY_UISupportedInterfaceOrientations_iPad = "UIInterfaceOrientationPortrait UIInterfaceOrientationPortraitUpsideDown UIInterfaceOrientationLandscapeLeft UIInterfaceOrientationLandscapeRight";
				INFOPLIST_KEY_UISupportedInterfaceOrientations_iPhone = "UIInterfaceOrientationPortrait UIInterfaceOrientationLandscapeLeft UIInterfaceOrientationLandscapeRight";
				LD_RUNPATH_SEARCH_PATHS = (
					"$(inherited)",
					"@executable_path/Frameworks",
				);
				MARKETING_VERSION = 1.0;
				PRODUCT_BUNDLE_IDENTIFIER = "Aamer-Essa.MadLibs";
				PRODUCT_NAME = "$(TARGET_NAME)";
				SWIFT_EMIT_LOC_STRINGS = YES;
				SWIFT_VERSION = 5.0;
				TARGETED_DEVICE_FAMILY = "1,2";
			};
			name = Release;
		};
		3F3F514D292A4AEB00F94F7E /* Debug */ = {
			isa = XCBuildConfiguration;
			buildSettings = {
				ALWAYS_EMBED_SWIFT_STANDARD_LIBRARIES = YES;
				BUNDLE_LOADER = "$(TEST_HOST)";
				CODE_SIGN_STYLE = Automatic;
				CURRENT_PROJECT_VERSION = 1;
				GENERATE_INFOPLIST_FILE = YES;
				IPHONEOS_DEPLOYMENT_TARGET = 16.1;
				MARKETING_VERSION = 1.0;
				PRODUCT_BUNDLE_IDENTIFIER = "Aamer-Essa.MadLibsTests";
				PRODUCT_NAME = "$(TARGET_NAME)";
				SWIFT_EMIT_LOC_STRINGS = NO;
				SWIFT_VERSION = 5.0;
				TARGETED_DEVICE_FAMILY = "1,2";
				TEST_HOST = "$(BUILT_PRODUCTS_DIR)/MadLibs.app/$(BUNDLE_EXECUTABLE_FOLDER_PATH)/MadLibs";
			};
			name = Debug;
		};
		3F3F514E292A4AEB00F94F7E /* Release */ = {
			isa = XCBuildConfiguration;
			buildSettings = {
				ALWAYS_EMBED_SWIFT_STANDARD_LIBRARIES = YES;
				BUNDLE_LOADER = "$(TEST_HOST)";
				CODE_SIGN_STYLE = Automatic;
				CURRENT_PROJECT_VERSION = 1;
				GENERATE_INFOPLIST_FILE = YES;
				IPHONEOS_DEPLOYMENT_TARGET = 16.1;
				MARKETING_VERSION = 1.0;
				PRODUCT_BUNDLE_IDENTIFIER = "Aamer-Essa.MadLibsTests";
				PRODUCT_NAME = "$(TARGET_NAME)";
				SWIFT_EMIT_LOC_STRINGS = NO;
				SWIFT_VERSION = 5.0;
				TARGETED_DEVICE_FAMILY = "1,2";
				TEST_HOST = "$(BUILT_PRODUCTS_DIR)/MadLibs.app/$(BUNDLE_EXECUTABLE_FOLDER_PATH)/MadLibs";
			};
			name = Release;
		};
		3F3F5150292A4AEB00F94F7E /* Debug */ = {
			isa = XCBuildConfiguration;
			buildSettings = {
				ALWAYS_EMBED_SWIFT_STANDARD_LIBRARIES = YES;
				CODE_SIGN_STYLE = Automatic;
				CURRENT_PROJECT_VERSION = 1;
				GENERATE_INFOPLIST_FILE = YES;
				MARKETING_VERSION = 1.0;
				PRODUCT_BUNDLE_IDENTIFIER = "Aamer-Essa.MadLibsUITests";
				PRODUCT_NAME = "$(TARGET_NAME)";
				SWIFT_EMIT_LOC_STRINGS = NO;
				SWIFT_VERSION = 5.0;
				TARGETED_DEVICE_FAMILY = "1,2";
				TEST_TARGET_NAME = MadLibs;
			};
			name = Debug;
		};
		3F3F5151292A4AEB00F94F7E /* Release */ = {
			isa = XCBuildConfiguration;
			buildSettings = {
				ALWAYS_EMBED_SWIFT_STANDARD_LIBRARIES = YES;
				CODE_SIGN_STYLE = Automatic;
				CURRENT_PROJECT_VERSION = 1;
				GENERATE_INFOPLIST_FILE = YES;
				MARKETING_VERSION = 1.0;
				PRODUCT_BUNDLE_IDENTIFIER = "Aamer-Essa.MadLibsUITests";
				PRODUCT_NAME = "$(TARGET_NAME)";
				SWIFT_EMIT_LOC_STRINGS = NO;
				SWIFT_VERSION = 5.0;
				TARGETED_DEVICE_FAMILY = "1,2";
				TEST_TARGET_NAME = MadLibs;
			};
			name = Release;
		};
/* End XCBuildConfiguration section */

/* Begin XCConfigurationList section */
		3F3F511A292A4AEA00F94F7E /* Build configuration list for PBXProject "MadLibs" */ = {
			isa = XCConfigurationList;
			buildConfigurations = (
				3F3F5147292A4AEB00F94F7E /* Debug */,
				3F3F5148292A4AEB00F94F7E /* Release */,
			);
			defaultConfigurationIsVisible = 0;
			defaultConfigurationName = Release;
		};
		3F3F5149292A4AEB00F94F7E /* Build configuration list for PBXNativeTarget "MadLibs" */ = {
			isa = XCConfigurationList;
			buildConfigurations = (
				3F3F514A292A4AEB00F94F7E /* Debug */,
				3F3F514B292A4AEB00F94F7E /* Release */,
			);
			defaultConfigurationIsVisible = 0;
			defaultConfigurationName = Release;
		};
		3F3F514C292A4AEB00F94F7E /* Build configuration list for PBXNativeTarget "MadLibsTests" */ = {
			isa = XCConfigurationList;
			buildConfigurations = (
				3F3F514D292A4AEB00F94F7E /* Debug */,
				3F3F514E292A4AEB00F94F7E /* Release */,
			);
			defaultConfigurationIsVisible = 0;
			defaultConfigurationName = Release;
		};
		3F3F514F292A4AEB00F94F7E /* Build configuration list for PBXNativeTarget "MadLibsUITests" */ = {
			isa = XCConfigurationList;
			buildConfigurations = (
				3F3F5150292A4AEB00F94F7E /* Debug */,
				3F3F5151292A4AEB00F94F7E /* Release */,
			);
			defaultConfigurationIsVisible = 0;
			defaultConfigurationName = Release;
		};
/* End XCConfigurationList section */
	};
	rootObject = 3F3F5117292A4AEA00F94F7E /* Project object */;
}
